lockfileVersion: '9.0'

settings:
  autoInstallPeers: true
  excludeLinksFromLockfile: false

importers:

  .:
    devDependencies:
      '@biomejs/biome':
        specifier: ^1.7.0
        version: 1.7.0
      '@tsconfig/node-lts':
        specifier: ^20.1.0
        version: 20.1.0
      '@tsconfig/strictest':
        specifier: ^2.0.2
        version: 2.0.2
      '@types/html-minifier-terser':
        specifier: ^7.0.2
        version: 7.0.2
      '@types/node':
        specifier: ^20.10.4
        version: 20.10.4
      html-minifier-terser:
        specifier: ^7.2.0
        version: 7.2.0
      lefthook:
        specifier: ^1.6.10
        version: 1.6.10
      typescript:
        specifier: ^5.3.3
        version: 5.3.3

packages:

  '@biomejs/biome@1.7.0':
    resolution: {integrity: sha512-mejiRhnAq6UrXtYvjWJUKdstcT58n0/FfKemFf3d2Ou0HxOdS88HQmWtQ/UgyZvOEPD572YbFTb6IheyROpqkw==}
    engines: {node: '>=14.21.3'}
    hasBin: true

  '@biomejs/cli-darwin-arm64@1.7.0':
    resolution: {integrity: sha512-12TaeaKHU4SAZt0fQJ2bYk1jUb4foope7LmgDE5p3c0uMxd3mFkg1k7G721T+K6UHYULcSOQDsNNM8DhYi8Irg==}
    engines: {node: '>=14.21.3'}
    cpu: [arm64]
    os: [darwin]

  '@biomejs/cli-darwin-x64@1.7.0':
    resolution: {integrity: sha512-6Qq1BSIB0cpp0cQNqO/+EiUV7FE3jMpF6w7+AgIBXp0oJxUWb2Ff0RDZdO9bfzkimXD58j0vGpNHMGnCcjDV2Q==}
    engines: {node: '>=14.21.3'}
    cpu: [x64]
    os: [darwin]

  '@biomejs/cli-linux-arm64-musl@1.7.0':
    resolution: {integrity: sha512-pwIY80nU7SAxrVVZ6HD9ah1pruwh9ZqlSR0Nvbg4ZJqQa0POhiB+RJx7+/1Ml2mTZdrl8kb/YiwQpD16uwb5wg==}
    engines: {node: '>=14.21.3'}
    cpu: [arm64]
    os: [linux]

  '@biomejs/cli-linux-arm64@1.7.0':
    resolution: {integrity: sha512-GwSci7xBJ2j1CrdDXDUVXnUtrvypEz/xmiYPpFeVdlX5p95eXx+7FekPPbJfhGGw5WKSsKZ+V8AAlbN+kUwJWw==}
    engines: {node: '>=14.21.3'}
    cpu: [arm64]
    os: [linux]

  '@biomejs/cli-linux-x64-musl@1.7.0':
    resolution: {integrity: sha512-KzCA0mW4LSbCd7XZWaEJvTOTTBjfJoVEXkfq1fsXxww1HB+ww5PGMbhbIcbYCsj2CTJUifeD5hOkyuBVppU1xQ==}
    engines: {node: '>=14.21.3'}
    cpu: [x64]
    os: [linux]

  '@biomejs/cli-linux-x64@1.7.0':
    resolution: {integrity: sha512-1y+odKQsyHcw0JCGRuqhbx7Y6jxOVSh4lGIVDdJxW1b55yD22DY1kcMEfhUte6f95OIc2uqfkwtiI6xQAiZJdw==}
    engines: {node: '>=14.21.3'}
    cpu: [x64]
    os: [linux]

  '@biomejs/cli-win32-arm64@1.7.0':
    resolution: {integrity: sha512-AvLDUYZBpOUFgS/mni4VruIoVV3uSGbKSkZQBPXsHgL0w4KttLll3NBrVanmWxOHsom6C6ocHLyfAY8HUc8TXg==}
    engines: {node: '>=14.21.3'}
    cpu: [arm64]
    os: [win32]

  '@biomejs/cli-win32-x64@1.7.0':
    resolution: {integrity: sha512-Pylm00BAAuLVb40IH9PC17432BTsY8K4pSUvhvgR1eaalnMaD6ug9SYJTTzKDbT6r24MPAGCTiSZERyhGkGzFQ==}
    engines: {node: '>=14.21.3'}
    cpu: [x64]
    os: [win32]

  '@jridgewell/gen-mapping@0.3.3':
    resolution: {integrity: sha512-HLhSWOLRi875zjjMG/r+Nv0oCW8umGb0BgEhyX3dDX3egwZtB8PqLnjz3yedt8R5StBrzcg4aBpnh8UA9D1BoQ==}
    engines: {node: '>=6.0.0'}

  '@jridgewell/resolve-uri@3.1.1':
    resolution: {integrity: sha512-dSYZh7HhCDtCKm4QakX0xFpsRDqjjtZf/kjI/v3T3Nwt5r8/qz/M19F9ySyOqU94SXBmeG9ttTul+YnR4LOxFA==}
    engines: {node: '>=6.0.0'}

  '@jridgewell/set-array@1.1.2':
    resolution: {integrity: sha512-xnkseuNADM0gt2bs+BvhO0p78Mk762YnZdsuzFV018NoG1Sj1SCQvpSqa7XUaTam5vAGasABV9qXASMKnFMwMw==}
    engines: {node: '>=6.0.0'}

  '@jridgewell/source-map@0.3.5':
    resolution: {integrity: sha512-UTYAUj/wviwdsMfzoSJspJxbkH5o1snzwX0//0ENX1u/55kkZZkcTZP6u9bwKGkv+dkk9at4m1Cpt0uY80kcpQ==}

  '@jridgewell/sourcemap-codec@1.4.15':
    resolution: {integrity: sha512-eF2rxCRulEKXHTRiDrDy6erMYWqNw4LPdQ8UQA4huuxaQsVeRPFl2oM8oDGxMFhJUWZf9McpLtJasDDZb/Bpeg==}

  '@jridgewell/trace-mapping@0.3.20':
    resolution: {integrity: sha512-R8LcPeWZol2zR8mmH3JeKQ6QRCFb7XgUhV9ZlGhHLGyg4wpPiPZNQOOWhFZhxKw8u//yTbNGI42Bx/3paXEQ+Q==}

  '@tsconfig/node-lts@20.1.0':
    resolution: {integrity: sha512-3w2D9MfGdqBL51pHB5nGFmGtXBn1gbO+n9xzwcGSvZPArtCn4tElk+6EeelLXispAeqv13GAgbzkgLNHtoxOCQ==}

  '@tsconfig/strictest@2.0.2':
    resolution: {integrity: sha512-jt4jIsWKvUvuY6adJnQJlb/UR7DdjC8CjHI/OaSQruj2yX9/K6+KOvDt/vD6udqos/FUk5Op66CvYT7TBLYO5Q==}

  '@types/html-minifier-terser@7.0.2':
    resolution: {integrity: sha512-mm2HqV22l8lFQh4r2oSsOEVea+m0qqxEmwpc9kC1p/XzmjLWrReR9D/GRs8Pex2NX/imyEH9c5IU/7tMBQCHOA==}

  '@types/node@20.10.4':
    resolution: {integrity: sha512-D08YG6rr8X90YB56tSIuBaddy/UXAA9RKJoFvrsnogAum/0pmjkgi4+2nx96A330FmioegBWmEYQ+syqCFaveg==}

  acorn@8.11.2:
    resolution: {integrity: sha512-nc0Axzp/0FILLEVsm4fNwLCwMttvhEI263QtVPQcbpfZZ3ts0hLsZGOpE6czNlid7CJ9MlyH8reXkpsf3YUY4w==}
    engines: {node: '>=0.4.0'}
    hasBin: true

  buffer-from@1.1.2:
    resolution: {integrity: sha512-E+XQCRwSbaaiChtv6k6Dwgc+bx+Bs6vuKJHHl5kox/BaKbhiXzqQOwK4cO22yElGp2OCmjwVhT3HmxgyPGnJfQ==}

  camel-case@4.1.2:
    resolution: {integrity: sha512-gxGWBrTT1JuMx6R+o5PTXMmUnhnVzLQ9SNutD4YqKtI6ap897t3tKECYla6gCWEkplXnlNybEkZg9GEGxKFCgw==}

  clean-css@5.3.3:
    resolution: {integrity: sha512-D5J+kHaVb/wKSFcyyV75uCn8fiY4sV38XJoe4CUyGQ+mOU/fMVYUdH1hJC+CJQ5uY3EnW27SbJYS4X8BiLrAFg==}
    engines: {node: '>= 10.0'}

  commander@10.0.1:
    resolution: {integrity: sha512-y4Mg2tXshplEbSGzx7amzPwKKOCGuoSRP/CjEdwwk0FOGlUbq6lKuoyDZTNZkmxHdJtp54hdfY/JUrdL7Xfdug==}
    engines: {node: '>=14'}

  commander@2.20.3:
    resolution: {integrity: sha512-GpVkmM8vF2vQUkj2LvZmD35JxeJOLCwJ9cUkugyk2nuhbv3+mJvpLYYt+0+USMxE+oj+ey/lJEnhZw75x/OMcQ==}

  dot-case@3.0.4:
    resolution: {integrity: sha512-Kv5nKlh6yRrdrGvxeJ2e5y2eRUpkUosIW4A2AS38zwSz27zu7ufDwQPi5Jhs3XAlGNetl3bmnGhQsMtkKJnj3w==}

  entities@4.5.0:
    resolution: {integrity: sha512-V0hjH4dGPh9Ao5p0MoRY6BVqtwCjhz6vI5LT8AJ55H+4g9/4vbHx1I54fS0XuclLhDHArPQCiMjDxjaL8fPxhw==}
    engines: {node: '>=0.12'}

  html-minifier-terser@7.2.0:
    resolution: {integrity: sha512-tXgn3QfqPIpGl9o+K5tpcj3/MN4SfLtsx2GWwBC3SSd0tXQGyF3gsSqad8loJgKZGM3ZxbYDd5yhiBIdWpmvLA==}
    engines: {node: ^14.13.1 || >=16.0.0}
    hasBin: true

  lefthook-darwin-arm64@1.6.10:
    resolution: {integrity: sha512-Hh11OkoKG7FEOByS1dcgNV7ETq45VmwBbw0VPTiBznyfOG4k+pi0fIdc1qbmbxvYqNE0r420QR/Q3bimaa4Kxg==}
    cpu: [arm64]
    os: [darwin]

  lefthook-darwin-x64@1.6.10:
    resolution: {integrity: sha512-FiOB0t5OBcQ8OnG/LSdfUYj736SJdlLjWuOZ4wTlJ7EUrHditieap6VNAxwMmFVyQN0X2ZwKWytwY35y+Hflhw==}
    cpu: [x64]
    os: [darwin]

  lefthook-freebsd-arm64@1.6.10:
    resolution: {integrity: sha512-IxGgS3RrNwk3Kr83o5SQhGxqppQi7fu2t//nsp6ocgnJeStrTtXZJOrel2VohzrFxpzQdJVXBGgUGLXtY8t8qw==}
    cpu: [arm64]
    os: [freebsd]

  lefthook-freebsd-x64@1.6.10:
    resolution: {integrity: sha512-sFSe+dGLa4iBblWAhAGTP9moarcbFtFAH6aaCeyqSX51O6p9VPdGjqNtcE8aGbGAk4lO6v1ScRjk5ogMSinJwQ==}
    cpu: [x64]
    os: [freebsd]

  lefthook-linux-arm64@1.6.10:
    resolution: {integrity: sha512-fXnKiNdRIW+FRvc1keVrvWX5EqIhVFfPjcy+PbsKdxiWRXgjtidi6LPmQ8eosH0DC9PxZ0mpdCMf40FHEZLbQA==}
    cpu: [arm64]
    os: [linux]

  lefthook-linux-x64@1.6.10:
    resolution: {integrity: sha512-bm6l2GOFnmYreZxmHb47QeOiFAItttOOxvCEX1okIRD7JbUC+lGC9evW5GJv/ltjZBoTDYEtQAUa+BpHTGuY2A==}
    cpu: [x64]
    os: [linux]

  lefthook-windows-arm64@1.6.10:
    resolution: {integrity: sha512-pFxT8KbOMzGxj6cz4glHYwQSNC7XCuy9RDqIO0AxPlpATsCpapkF4ngDxBT1iFv2VhdeweMa7RXUDsMAGQA4Qw==}
    cpu: [arm64]
    os: [win32]

  lefthook-windows-x64@1.6.10:
    resolution: {integrity: sha512-fcDnUSTv95AdLvm0NIrn3jBWXuRq8SlbDDjkkB5OHLiSmjz4eOr6wyD7xceDp33zZgZmWFzHebJngxxcIaUuHw==}
    cpu: [x64]
    os: [win32]

  lefthook@1.6.10:
    resolution: {integrity: sha512-HeVjsDCrHLe9htQHbLuQJu2YdLK6Tl5bh36fOpmXqckEXTI0BDR0Y5JYc7G5Inj4YXQsc51a9dUDZMeniSnSag==}
    hasBin: true

  lower-case@2.0.2:
    resolution: {integrity: sha512-7fm3l3NAF9WfN6W3JOmf5drwpVqX78JtoGJ3A6W0a6ZnldM41w2fV5D490psKFTpMds8TJse/eHLFFsNHHjHgg==}

  no-case@3.0.4:
    resolution: {integrity: sha512-fgAN3jGAh+RoxUGZHTSOLJIqUc2wmoBwGR4tbpNAKmmovFoWq0OdRkb0VkldReO2a2iBT/OEulG9XSUc10r3zg==}

  param-case@3.0.4:
    resolution: {integrity: sha512-RXlj7zCYokReqWpOPH9oYivUzLYZ5vAPIfEmCTNViosC78F8F0H9y7T7gG2M39ymgutxF5gcFEsyZQSph9Bp3A==}

  pascal-case@3.1.2:
    resolution: {integrity: sha512-uWlGT3YSnK9x3BQJaOdcZwrnV6hPpd8jFH1/ucpiLRPh/2zCVJKS19E4GvYHvaCcACn3foXZ0cLB9Wrx1KGe5g==}

  relateurl@0.2.7:
    resolution: {integrity: sha512-G08Dxvm4iDN3MLM0EsP62EDV9IuhXPR6blNz6Utcp7zyV3tr4HVNINt6MpaRWbxoOHT3Q7YN2P+jaHX8vUbgog==}
    engines: {node: '>= 0.10'}

  source-map-support@0.5.21:
    resolution: {integrity: sha512-uBHU3L3czsIyYXKX88fdrGovxdSCoTGDRZ6SYXtSRxLZUzHg5P/66Ht6uoUlHu9EZod+inXhKo3qQgwXUT/y1w==}

  source-map@0.6.1:
    resolution: {integrity: sha512-UjgapumWlbMhkBgzT7Ykc5YXUT46F0iKu8SGXq0bcwP5dz/h0Plj6enJqjz1Zbq2l5WaqYnrVbwWOWMyF3F47g==}
    engines: {node: '>=0.10.0'}

  terser@5.26.0:
    resolution: {integrity: sha512-dytTGoE2oHgbNV9nTzgBEPaqAWvcJNl66VZ0BkJqlvp71IjO8CxdBx/ykCNb47cLnCmCvRZ6ZR0tLkqvZCdVBQ==}
    engines: {node: '>=10'}
    hasBin: true

  tslib@2.6.2:
    resolution: {integrity: sha512-AEYxH93jGFPn/a2iVAwW87VuUIkR1FVUKB77NwMF7nBTDkDrrT/Hpt/IrCJ0QXhW27jTBDcf5ZY7w6RiqTMw2Q==}

  typescript@5.3.3:
    resolution: {integrity: sha512-pXWcraxM0uxAS+tN0AG/BF2TyqmHO014Z070UsJ+pFvYuRSq8KH8DmWpnbXe0pEPDHXZV3FcAbJkijJ5oNEnWw==}
    engines: {node: '>=14.17'}
    hasBin: true

  undici-types@5.26.5:
    resolution: {integrity: sha512-JlCMO+ehdEIKqlFxk6IfVoAUVmgz7cU7zD/h9XZ0qzeosSHmUJVOzSQvvYSYWXkFXC+IfLKSIffhv0sVZup6pA==}

snapshots:

  '@biomejs/biome@1.7.0':
    optionalDependencies:
      '@biomejs/cli-darwin-arm64': 1.7.0
      '@biomejs/cli-darwin-x64': 1.7.0
      '@biomejs/cli-linux-arm64': 1.7.0
      '@biomejs/cli-linux-arm64-musl': 1.7.0
      '@biomejs/cli-linux-x64': 1.7.0
      '@biomejs/cli-linux-x64-musl': 1.7.0
      '@biomejs/cli-win32-arm64': 1.7.0
      '@biomejs/cli-win32-x64': 1.7.0

  '@biomejs/cli-darwin-arm64@1.7.0':
    optional: true

  '@biomejs/cli-darwin-x64@1.7.0':
    optional: true

  '@biomejs/cli-linux-arm64-musl@1.7.0':
    optional: true

  '@biomejs/cli-linux-arm64@1.7.0':
    optional: true

  '@biomejs/cli-linux-x64-musl@1.7.0':
    optional: true

  '@biomejs/cli-linux-x64@1.7.0':
    optional: true

  '@biomejs/cli-win32-arm64@1.7.0':
    optional: true

  '@biomejs/cli-win32-x64@1.7.0':
    optional: true

  '@jridgewell/gen-mapping@0.3.3':
    dependencies:
      '@jridgewell/set-array': 1.1.2
      '@jridgewell/sourcemap-codec': 1.4.15
      '@jridgewell/trace-mapping': 0.3.20

  '@jridgewell/resolve-uri@3.1.1': {}

  '@jridgewell/set-array@1.1.2': {}

  '@jridgewell/source-map@0.3.5':
    dependencies:
      '@jridgewell/gen-mapping': 0.3.3
      '@jridgewell/trace-mapping': 0.3.20

  '@jridgewell/sourcemap-codec@1.4.15': {}

  '@jridgewell/trace-mapping@0.3.20':
    dependencies:
      '@jridgewell/resolve-uri': 3.1.1
      '@jridgewell/sourcemap-codec': 1.4.15

  '@tsconfig/node-lts@20.1.0': {}

  '@tsconfig/strictest@2.0.2': {}

  '@types/html-minifier-terser@7.0.2': {}

  '@types/node@20.10.4':
    dependencies:
      undici-types: 5.26.5

  acorn@8.11.2: {}

  buffer-from@1.1.2: {}

  camel-case@4.1.2:
    dependencies:
      pascal-case: 3.1.2
      tslib: 2.6.2

  clean-css@5.3.3:
    dependencies:
      source-map: 0.6.1

  commander@10.0.1: {}

  commander@2.20.3: {}

  dot-case@3.0.4:
    dependencies:
      no-case: 3.0.4
      tslib: 2.6.2

  entities@4.5.0: {}

  html-minifier-terser@7.2.0:
    dependencies:
      camel-case: 4.1.2
      clean-css: 5.3.3
      commander: 10.0.1
      entities: 4.5.0
      param-case: 3.0.4
      relateurl: 0.2.7
      terser: 5.26.0

  lefthook-darwin-arm64@1.6.10:
    optional: true

  lefthook-darwin-x64@1.6.10:
    optional: true

  lefthook-freebsd-arm64@1.6.10:
    optional: true

  lefthook-freebsd-x64@1.6.10:
    optional: true

  lefthook-linux-arm64@1.6.10:
    optional: true

  lefthook-linux-x64@1.6.10:
    optional: true

  lefthook-windows-arm64@1.6.10:
    optional: true

  lefthook-windows-x64@1.6.10:
    optional: true

  lefthook@1.6.10:
    optionalDependencies:
      lefthook-darwin-arm64: 1.6.10
      lefthook-darwin-x64: 1.6.10
      lefthook-freebsd-arm64: 1.6.10
      lefthook-freebsd-x64: 1.6.10
      lefthook-linux-arm64: 1.6.10
      lefthook-linux-x64: 1.6.10
      lefthook-windows-arm64: 1.6.10
      lefthook-windows-x64: 1.6.10

  lower-case@2.0.2:
    dependencies:
      tslib: 2.6.2

  no-case@3.0.4:
    dependencies:
      lower-case: 2.0.2
      tslib: 2.6.2

  param-case@3.0.4:
    dependencies:
      dot-case: 3.0.4
      tslib: 2.6.2

  pascal-case@3.1.2:
    dependencies:
      no-case: 3.0.4
      tslib: 2.6.2

  relateurl@0.2.7: {}

  source-map-support@0.5.21:
    dependencies:
      buffer-from: 1.1.2
      source-map: 0.6.1

  source-map@0.6.1: {}

  terser@5.26.0:
    dependencies:
      '@jridgewell/source-map': 0.3.5
      acorn: 8.11.2
      commander: 2.20.3
      source-map-support: 0.5.21

  tslib@2.6.2: {}

  typescript@5.3.3: {}

  undici-types@5.26.5: {}
